// !$*UTF8*$!
{
	archiveVersion = 1;
	classes = {
	};
	objectVersion = 77;
	objects = {

/* Begin PBXBuildFile section */
		FE88000B2FC9000000A00001 /* privacyLiveActivity.appex in Embed App Extensions */ = {isa = PBXBuildFile; fileRef = FE8800012FC9000000A00001 /* privacyLiveActivity.appex */; platformFilter = ios; settings = {ATTRIBUTES = (RemoveHeadersOnCopy, ); }; };
		FE9900112FC43A1100A00001 /* privacyShareExtension.appex in Embed App Extensions */ = {isa = PBXBuildFile; fileRef = FE9900012FC43A1100A00001 /* privacyShareExtension.appex */; platformFilter = ios; settings = {ATTRIBUTES = (RemoveHeadersOnCopy, ); }; };
		FEA100012FC6A00000A00001 /* RevenueCat in Frameworks */ = {isa = PBXBuildFile; productRef = FEA100032FC6A00000A00001 /* RevenueCat */; };
		FEB400012FD0000000B00001 /* MarkdownUI in Frameworks */ = {isa = PBXBuildFile; productRef = FEB400032FD0000000B00001 /* MarkdownUI */; };
/* End PBXBuildFile section */

/* Begin PBXContainerItemProxy section */
		FE153F622FB9B264004FFC9E /* PBXContainerItemProxy */ = {
			isa = PBXContainerItemProxy;
			containerPortal = FE153F482FB9B262004FFC9E /* Project object */;
			proxyType = 1;
			remoteGlobalIDString = FE153F4F2FB9B262004FFC9E;
			remoteInfo = privacy;
		};
		FE153F6C2FB9B264004FFC9E /* PBXContainerItemProxy */ = {
			isa = PBXContainerItemProxy;
			containerPortal = FE153F482FB9B262004FFC9E /* Project object */;
			proxyType = 1;
			remoteGlobalIDString = FE153F4F2FB9B262004FFC9E;
			remoteInfo = privacy;
		};
/* End PBXContainerItemProxy section */

/* Begin PBXCopyFilesBuildPhase section */
		FE9900102FC43A1100A00001 /* Embed App Extensions */ = {
			isa = PBXCopyFilesBuildPhase;
			buildActionMask = 2147483647;
			dstPath = "";
			dstSubfolderSpec = 13;
			files = (
				FE88000B2FC9000000A00001 /* privacyLiveActivity.appex in Embed App Extensions */,
				FE9900112FC43A1100A00001 /* privacyShareExtension.appex in Embed App Extensions */,
			);
			name = "Embed App Extensions";
			runOnlyForDeploymentPostprocessing = 0;
		};
/* End PBXCopyFilesBuildPhase section */

/* Begin PBXFileReference section */
		FE153F502FB9B262004FFC9E /* privacy.app */ = {isa = PBXFileReference; explicitFileType = wrapper.application; includeInIndex = 0; path = privacy.app; sourceTree = BUILT_PRODUCTS_DIR; };
		FE153F612FB9B264004FFC9E /* privacyTests.xctest */ = {isa = PBXFileReference; explicitFileType = wrapper.cfbundle; includeInIndex = 0; path = privacyTests.xctest; sourceTree = BUILT_PRODUCTS_DIR; };
		FE153F6B2FB9B264004FFC9E /* privacyUITests.xctest */ = {isa = PBXFileReference; explicitFileType = wrapper.cfbundle; includeInIndex = 0; path = privacyUITests.xctest; sourceTree = BUILT_PRODUCTS_DIR; };
		FE8800012FC9000000A00001 /* privacyLiveActivity.appex */ = {isa = PBXFileReference; explicitFileType = "wrapper.app-extension"; includeInIndex = 0; path = privacyLiveActivity.appex; sourceTree = BUILT_PRODUCTS_DIR; };
		FE9900012FC43A1100A00001 /* privacyShareExtension.appex */ = {isa = PBXFileReference; explicitFileType = "wrapper.app-extension"; includeInIndex = 0; path = privacyShareExtension.appex; sourceTree = BUILT_PRODUCTS_DIR; };
/* End PBXFileReference section */

/* Begin PBXFileSystemSynchronizedBuildFileExceptionSet section */
		FE153F732FB9B264004FFC9E /* Exceptions for "privacy" folder in "privacy" target */ = {
			isa = PBXFileSystemSynchronizedBuildFileExceptionSet;
			membershipExceptions = (
				Info.plist,
			);
			target = FE153F4F2FB9B262004FFC9E /* privacy */;
		};
		FE8800032FC9000000A00001 /* Exceptions for "privacyLiveActivity" folder in "privacyLiveActivity" target */ = {
			isa = PBXFileSystemSynchronizedBuildFileExceptionSet;
			membershipExceptions = (
				Info.plist,
			);
			target = FE8800072FC9000000A00001 /* privacyLiveActivity */;
		};
		FE9900122FC43A1100A00001 /* Exceptions for "privacyShareExtension" folder in "privacyShareExtension" target */ = {
			isa = PBXFileSystemSynchronizedBuildFileExceptionSet;
			membershipExceptions = (
				Info.plist,
			);
			target = FE9900032FC43A1100A00001 /* privacyShareExtension */;
		};
/* End PBXFileSystemSynchronizedBuildFileExceptionSet section */

/* Begin PBXFileSystemSynchronizedRootGroup section */
		FE153F522FB9B262004FFC9E /* privacy */ = {
			isa = PBXFileSystemSynchronizedRootGroup;
			exceptions = (
				FE153F732FB9B264004FFC9E /* Exceptions for "privacy" folder in "privacy" target */,
			);
			path = privacy;
			sourceTree = "<group>";
		};
		FE153F642FB9B264004FFC9E /* privacyTests */ = {
			isa = PBXFileSystemSynchronizedRootGroup;
			path = privacyTests;
			sourceTree = "<group>";
		};
		FE153F6E2FB9B264004FFC9E /* privacyUITests */ = {
			isa = PBXFileSystemSynchronizedRootGroup;
			path = privacyUITests;
			sourceTree = "<group>";
		};
		FE8800022FC9000000A00001 /* privacyLiveActivity */ = {
			isa = PBXFileSystemSynchronizedRootGroup;
			exceptions = (
				FE8800032FC9000000A00001 /* Exceptions for "privacyLiveActivity" folder in "privacyLiveActivity" target */,
			);
			path = privacyLiveActivity;
			sourceTree = "<group>";
		};
		FE9900022FC43A1100A00001 /* privacyShareExtension */ = {
			isa = PBXFileSystemSynchronizedRootGroup;
			exceptions = (
				FE9900122FC43A1100A00001 /* Exceptions for "privacyShareExtension" folder in "privacyShareExtension" target */,
			);
			path = privacyShareExtension;
			sourceTree = "<group>";
		};
/* End PBXFileSystemSynchronizedRootGroup section */

/* Begin PBXFrameworksBuildPhase section */
		FE153F4D2FB9B262004FFC9E /* Frameworks */ = {
			isa = PBXFrameworksBuildPhase;
			buildActionMask = 2147483647;
			files = (
				FEB400012FD0000000B00001 /* MarkdownUI in Frameworks */,
				FEA100012FC6A00000A00001 /* RevenueCat in Frameworks */,
			);
			runOnlyForDeploymentPostprocessing = 0;
		};
		FE153F5E2FB9B264004FFC9E /* Frameworks */ = {
			isa = PBXFrameworksBuildPhase;
			buildActionMask = 2147483647;
			files = (
			);
			runOnlyForDeploymentPostprocessing = 0;
		};
		FE153F682FB9B264004FFC9E /* Frameworks */ = {
			isa = PBXFrameworksBuildPhase;
			buildActionMask = 2147483647;
			files = (
			);
			runOnlyForDeploymentPostprocessing = 0;
		};
		FE8800042FC9000000A00001 /* Frameworks */ = {
			isa = PBXFrameworksBuildPhase;
			buildActionMask = 2147483647;
			files = (
			);
			runOnlyForDeploymentPostprocessing = 0;
		};
		FE9900052FC43A1100A00001 /* Frameworks */ = {
			isa = PBXFrameworksBuildPhase;
			buildActionMask = 2147483647;
			files = (
			);
			runOnlyForDeploymentPostprocessing = 0;
		};
/* End PBXFrameworksBuildPhase section */

/* Begin PBXGroup section */
		FE153F472FB9B262004FFC9E = {
			isa = PBXGroup;
			children = (
				FE153F522FB9B262004FFC9E /* privacy */,
				FE8800022FC9000000A00001 /* privacyLiveActivity */,
				FE9900022FC43A1100A00001 /* privacyShareExtension */,
				FE153F642FB9B264004FFC9E /* privacyTests */,
				FE153F6E2FB9B264004FFC9E /* privacyUITests */,
				FE153F512FB9B262004FFC9E /* Products */,
			);
			sourceTree = "<group>";
		};
		FE153F512FB9B262004FFC9E /* Products */ = {
			isa = PBXGroup;
			children = (
				FE153F502FB9B262004FFC9E /* privacy.app */,
				FE8800012FC9000000A00001 /* privacyLiveActivity.appex */,
				FE9900012FC43A1100A00001 /* privacyShareExtension.appex */,
				FE153F612FB9B264004FFC9E /* privacyTests.xctest */,
				FE153F6B2FB9B264004FFC9E /* privacyUITests.xctest */,
			);
			name = Products;
			sourceTree = "<group>";
		};
/* End PBXGroup section */

/* Begin PBXNativeTarget section */
		FE153F4F2FB9B262004FFC9E /* privacy */ = {
			isa = PBXNativeTarget;
			buildConfigurationList = FE153F742FB9B264004FFC9E /* Build configuration list for PBXNativeTarget "privacy" */;
			buildPhases = (
				FE153F4C2FB9B262004FFC9E /* Sources */,
				FE153F4D2FB9B262004FFC9E /* Frameworks */,
				FE153F4E2FB9B262004FFC9E /* Resources */,
				FE9900102FC43A1100A00001 /* Embed App Extensions */,
			);
			buildRules = (
			);
			dependencies = (
			);
			fileSystemSynchronizedGroups = (
				FE153F522FB9B262004FFC9E /* privacy */,
			);
			name = privacy;
			packageProductDependencies = (
				FEB400032FD0000000B00001 /* MarkdownUI */,
				FEA100032FC6A00000A00001 /* RevenueCat */,
			);
			productName = privacy;
			productReference = FE153F502FB9B262004FFC9E /* privacy.app */;
			productType = "com.apple.product-type.application";
		};
		FE153F602FB9B264004FFC9E /* privacyTests */ = {
			isa = PBXNativeTarget;
			buildConfigurationList = FE153F792FB9B264004FFC9E /* Build configuration list for PBXNativeTarget "privacyTests" */;
			buildPhases = (
				FE153F5D2FB9B264004FFC9E /* Sources */,
				FE153F5E2FB9B264004FFC9E /* Frameworks */,
				FE153F5F2FB9B264004FFC9E /* Resources */,
			);
			buildRules = (
			);
			dependencies = (
				FE153F632FB9B264004FFC9E /* PBXTargetDependency */,
			);
			fileSystemSynchronizedGroups = (
				FE153F642FB9B264004FFC9E /* privacyTests */,
			);
			name = privacyTests;
			packageProductDependencies = (
			);
			productName = privacyTests;
			productReference = FE153F612FB9B264004FFC9E /* privacyTests.xctest */;
			productType = "com.apple.product-type.bundle.unit-test";
		};
		FE153F6A2FB9B264004FFC9E /* privacyUITests */ = {
			isa = PBXNativeTarget;
			buildConfigurationList = FE153F7C2FB9B264004FFC9E /* Build configuration list for PBXNativeTarget "privacyUITests" */;
			buildPhases = (
				FE153F672FB9B264004FFC9E /* Sources */,
				FE153F682FB9B264004FFC9E /* Frameworks */,
				FE153F692FB9B264004FFC9E /* Resources */,
			);
			buildRules = (
			);
			dependencies = (
				FE153F6D2FB9B264004FFC9E /* PBXTargetDependency */,
			);
			fileSystemSynchronizedGroups = (
				FE153F6E2FB9B264004FFC9E /* privacyUITests */,
			);
			name = privacyUITests;
			packageProductDependencies = (
			);
			productName = privacyUITests;
			productReference = FE153F6B2FB9B264004FFC9E /* privacyUITests.xctest */;
			productType = "com.apple.product-type.bundle.ui-testing";
		};
		FE8800072FC9000000A00001 /* privacyLiveActivity */ = {
			isa = PBXNativeTarget;
			buildConfigurationList = FE88000A2FC9000000A00001 /* Build configuration list for PBXNativeTarget "privacyLiveActivity" */;
			buildPhases = (
				FE8800052FC9000000A00001 /* Sources */,
				FE8800042FC9000000A00001 /* Frameworks */,
				FE8800062FC9000000A00001 /* Resources */,
			);
			buildRules = (
			);
			dependencies = (
			);
			fileSystemSynchronizedGroups = (
				FE8800022FC9000000A00001 /* privacyLiveActivity */,
			);
			name = privacyLiveActivity;
			packageProductDependencies = (
			);
			productName = privacyLiveActivity;
			productReference = FE8800012FC9000000A00001 /* privacyLiveActivity.appex */;
			productType = "com.apple.product-type.app-extension";
		};
		FE9900032FC43A1100A00001 /* privacyShareExtension */ = {
			isa = PBXNativeTarget;
			buildConfigurationList = FE9900202FC43A1100A00001 /* Build configuration list for PBXNativeTarget "privacyShareExtension" */;
			buildPhases = (
				FE9900042FC43A1100A00001 /* Sources */,
				FE9900052FC43A1100A00001 /* Frameworks */,
				FE9900062FC43A1100A00001 /* Resources */,
			);
			buildRules = (
			);
			dependencies = (
			);
			fileSystemSynchronizedGroups = (
				FE9900022FC43A1100A00001 /* privacyShareExtension */,
			);
			name = privacyShareExtension;
			packageProductDependencies = (
			);
			productName = privacyShareExtension;
			productReference = FE9900012FC43A1100A00001 /* privacyShareExtension.appex */;
			productType = "com.apple.product-type.app-extension";
		};
/* End PBXNativeTarget section */

/* Begin PBXProject section */
		FE153F482FB9B262004FFC9E /* Project object */ = {
			isa = PBXProject;
			attributes = {
				BuildIndependentTargetsInParallel = 1;
				LastSwiftUpdateCheck = 2640;
				LastUpgradeCheck = 2640;
				TargetAttributes = {
					FE153F4F2FB9B262004FFC9E = {
						CreatedOnToolsVersion = 26.4.1;
					};
					FE153F602FB9B264004FFC9E = {
						CreatedOnToolsVersion = 26.4.1;
						TestTargetID = FE153F4F2FB9B262004FFC9E;
					};
					FE153F6A2FB9B264004FFC9E = {
						CreatedOnToolsVersion = 26.4.1;
						TestTargetID = FE153F4F2FB9B262004FFC9E;
					};
					FE8800072FC9000000A00001 = {
						CreatedOnToolsVersion = 26.4.1;
					};
					FE9900032FC43A1100A00001 = {
						CreatedOnToolsVersion = 26.4.1;
					};
				};
			};
			buildConfigurationList = FE153F4B2FB9B262004FFC9E /* Build configuration list for PBXProject "privacy" */;
			developmentRegion = en;
			hasScannedForEncodings = 0;
			knownRegions = (
				en,
				Base,
				"zh-Hans",
				"zh-Hant",
				ja,
				de,
				fr,
				ko,
				es,
			);
			mainGroup = FE153F472FB9B262004FFC9E;
			minimizedProjectReferenceProxies = 1;
			packageReferences = (
				FEB400022FD0000000B00001 /* XCRemoteSwiftPackageReference "swift-markdown-ui" */,
				FEA100022FC6A00000A00001 /* XCRemoteSwiftPackageReference "purchases-ios-spm" */,
			);
			preferredProjectObjectVersion = 77;
			productRefGroup = FE153F512FB9B262004FFC9E /* Products */;
			projectDirPath = "";
			projectRoot = "";
			targets = (
				FE153F4F2FB9B262004FFC9E /* privacy */,
				FE8800072FC9000000A00001 /* privacyLiveActivity */,
				FE9900032FC43A1100A00001 /* privacyShareExtension */,
				FE153F602FB9B264004FFC9E /* privacyTests */,
				FE153F6A2FB9B264004FFC9E /* privacyUITests */,
			);
		};
/* End PBXProject section */

/* Begin PBXResourcesBuildPhase section */
		FE153F4E2FB9B262004FFC9E /* Resources */ = {
			isa = PBXResourcesBuildPhase;
			buildActionMask = 2147483647;
			files = (
			);
			runOnlyForDeploymentPostprocessing = 0;
		};
		FE153F5F2FB9B264004FFC9E /* Resources */ = {
			isa = PBXResourcesBuildPhase;
			buildActionMask = 2147483647;
			files = (
			);
			runOnlyForDeploymentPostprocessing = 0;
		};
		FE153F692FB9B264004FFC9E /* Resources */ = {
			isa = PBXResourcesBuildPhase;
			buildActionMask = 2147483647;
			files = (
			);
			runOnlyForDeploymentPostprocessing = 0;
		};
		FE8800062FC9000000A00001 /* Resources */ = {
			isa = PBXResourcesBuildPhase;
			buildActionMask = 2147483647;
			files = (
			);
			runOnlyForDeploymentPostprocessing = 0;
		};
		FE9900062FC43A1100A00001 /* Resources */ = {
			isa = PBXResourcesBuildPhase;
			buildActionMask = 2147483647;
			files = (
			);
			runOnlyForDeploymentPostprocessing = 0;
		};
/* End PBXResourcesBuildPhase section */

/* Begin PBXSourcesBuildPhase section */
		FE153F4C2FB9B262004FFC9E /* Sources */ = {
			isa = PBXSourcesBuildPhase;
			buildActionMask = 2147483647;
			files = (
			);
			runOnlyForDeploymentPostprocessing = 0;
		};
		FE153F5D2FB9B264004FFC9E /* Sources */ = {
			isa = PBXSourcesBuildPhase;
			buildActionMask = 2147483647;
			files = (
			);
			runOnlyForDeploymentPostprocessing = 0;
		};
		FE153F672FB9B264004FFC9E /* Sources */ = {
			isa = PBXSourcesBuildPhase;
			buildActionMask = 2147483647;
			files = (
			);
			runOnlyForDeploymentPostprocessing = 0;
		};
		FE8800052FC9000000A00001 /* Sources */ = {
			isa = PBXSourcesBuildPhase;
			buildActionMask = 2147483647;
			files = (
			);
			runOnlyForDeploymentPostprocessing = 0;
		};
		FE9900042FC43A1100A00001 /* Sources */ = {
			isa = PBXSourcesBuildPhase;
			buildActionMask = 2147483647;
			files = (
			);
			runOnlyForDeploymentPostprocessing = 0;
		};
/* End PBXSourcesBuildPhase section */

/* Begin PBXTargetDependency section */
		FE153F632FB9B264004FFC9E /* PBXTargetDependency */ = {
			isa = PBXTargetDependency;
			target = FE153F4F2FB9B262004FFC9E /* privacy */;
			targetProxy = FE153F622FB9B264004FFC9E /* PBXContainerItemProxy */;
		};
		FE153F6D2FB9B264004FFC9E /* PBXTargetDependency */ = {
			isa = PBXTargetDependency;
			target = FE153F4F2FB9B262004FFC9E /* privacy */;
			targetProxy = FE153F6C2FB9B264004FFC9E /* PBXContainerItemProxy */;
		};
/* End PBXTargetDependency section */

/* Begin XCBuildConfiguration section */
		FE153F752FB9B264004FFC9E /* Debug */ = {
			isa = XCBuildConfiguration;
			buildSettings = {
				ASSETCATALOG_COMPILER_APPICON_NAME = AppIcon;
				ASSETCATALOG_COMPILER_GLOBAL_ACCENT_COLOR_NAME = AccentColor;
				CODE_SIGN_ENTITLEMENTS = privacy/privacy.entitlements;
				"CODE_SIGN_ENTITLEMENTS[sdk=macosx*]" = "privacy/privacy-mac.entitlements";
				CODE_SIGN_IDENTITY = "Apple Development";
				CODE_SIGN_STYLE = Automatic;
				CURRENT_PROJECT_VERSION = 8;
				DEVELOPMENT_TEAM = 677U99F8TX;
				ENABLE_PREVIEWS = YES;
				GENERATE_INFOPLIST_FILE = YES;
				INFOPLIST_FILE = privacy/Info.plist;
				INFOPLIST_KEY_CFBundleDisplayName = Palimpsest;
				INFOPLIST_KEY_UIApplicationSceneManifest_Generation = YES;
				INFOPLIST_KEY_UIApplicationSupportsIndirectInputEvents = YES;
				INFOPLIST_KEY_UILaunchScreen_Generation = YES;
				INFOPLIST_KEY_UISupportedInterfaceOrientations_iPad = "UIInterfaceOrientationPortrait UIInterfaceOrientationPortraitUpsideDown UIInterfaceOrientationLandscapeLeft UIInterfaceOrientationLandscapeRight";
				INFOPLIST_KEY_UISupportedInterfaceOrientations_iPhone = "UIInterfaceOrientationPortrait UIInterfaceOrientationLandscapeLeft UIInterfaceOrientationLandscapeRight";
				LD_RUNPATH_SEARCH_PATHS = (
					"$(inherited)",
					"@executable_path/Frameworks",
				);
				MARKETING_VERSION = 1.0.9;
				PRODUCT_BUNDLE_IDENTIFIER = app.landlady.www.privacy;
				PRODUCT_NAME = "$(TARGET_NAME)";
				STRING_CATALOG_GENERATE_SYMBOLS = YES;
				SUPPORTED_PLATFORMS = "iphoneos iphonesimulator macosx";
				SUPPORTS_MACCATALYST = YES;
				SWIFT_APPROACHABLE_CONCURRENCY = YES;
				SWIFT_DEFAULT_ACTOR_ISOLATION = MainActor;
				SWIFT_EMIT_LOC_STRINGS = YES;
				SWIFT_UPCOMING_FEATURE_MEMBER_IMPORT_VISIBILITY = YES;
				SWIFT_VERSION = 5.0;
				TARGETED_DEVICE_FAMILY = "1,2";
			};
			name = Debug;
		};
		FE153F762FB9B264004FFC9E /* Release */ = {
			isa = XCBuildConfiguration;
			buildSettings = {
				ASSETCATALOG_COMPILER_APPICON_NAME = AppIcon;
				ASSETCATALOG_COMPILER_GLOBAL_ACCENT_COLOR_NAME = AccentColor;
				CODE_SIGN_ENTITLEMENTS = privacy/privacy.entitlements;
				"CODE_SIGN_ENTITLEMENTS[sdk=macosx*]" = "privacy/privacy-mac.entitlements";
				CODE_SIGN_STYLE = Automatic;
				CURRENT_PROJECT_VERSION = 8;
				DEVELOPMENT_TEAM = 677U99F8TX;
				ENABLE_PREVIEWS = YES;
				GENERATE_INFOPLIST_FILE = YES;
				INFOPLIST_FILE = privacy/Info.plist;
				INFOPLIST_KEY_CFBundleDisplayName = Palimpsest;
				INFOPLIST_KEY_UIApplicationSceneManifest_Generation = YES;
				INFOPLIST_KEY_UIApplicationSupportsIndirectInputEvents = YES;
				INFOPLIST_KEY_UILaunchScreen_Generation = YES;
				INFOPLIST_KEY_UISupportedInterfaceOrientations_iPad = "UIInterfaceOrientationPortrait UIInterfaceOrientationPortraitUpsideDown UIInterfaceOrientationLandscapeLeft UIInterfaceOrientationLandscapeRight";
				INFOPLIST_KEY_UISupportedInterfaceOrientations_iPhone = "UIInterfaceOrientationPortrait UIInterfaceOrientationLandscapeLeft UIInterfaceOrientationLandscapeRight";
				LD_RUNPATH_SEARCH_PATHS = (
					"$(inherited)",
					"@executable_path/Frameworks",
				);
				MARKETING_VERSION = 1.0.9;
				PRODUCT_BUNDLE_IDENTIFIER = app.landlady.www.privacy;
				PRODUCT_NAME = "$(TARGET_NAME)";
				STRING_CATALOG_GENERATE_SYMBOLS = YES;
				SUPPORTED_PLATFORMS = "iphoneos iphonesimulator macosx";
				SUPPORTS_MACCATALYST = YES;
				SWIFT_APPROACHABLE_CONCURRENCY = YES;
				SWIFT_DEFAULT_ACTOR_ISOLATION = MainActor;
				SWIFT_EMIT_LOC_STRINGS = YES;
				SWIFT_UPCOMING_FEATURE_MEMBER_IMPORT_VISIBILITY = YES;
				SWIFT_VERSION = 5.0;
				TARGETED_DEVICE_FAMILY = "1,2";
			};
			name = Release;
		};
		FE153F772FB9B264004FFC9E /* Debug */ = {
			isa = XCBuildConfiguration;
			buildSettings = {
				ALWAYS_SEARCH_USER_PATHS = NO;
				ASSETCATALOG_COMPILER_GENERATE_SWIFT_ASSET_SYMBOL_EXTENSIONS = YES;
				CLANG_ANALYZER_NONNULL = YES;
				CLANG_ANALYZER_NUMBER_OBJECT_CONVERSION = YES_AGGRESSIVE;
				CLANG_CXX_LANGUAGE_STANDARD = "gnu++20";
				CLANG_ENABLE_MODULES = YES;
				CLANG_ENABLE_OBJC_ARC = YES;
				CLANG_ENABLE_OBJC_WEAK = YES;
				CLANG_WARN_BLOCK_CAPTURE_AUTORELEASING = YES;
				CLANG_WARN_BOOL_CONVERSION = YES;
				CLANG_WARN_COMMA = YES;
				CLANG_WARN_CONSTANT_CONVERSION = YES;
				CLANG_WARN_DEPRECATED_OBJC_IMPLEMENTATIONS = YES;
				CLANG_WARN_DIRECT_OBJC_ISA_USAGE = YES_ERROR;
				CLANG_WARN_DOCUMENTATION_COMMENTS = YES;
				CLANG_WARN_EMPTY_BODY = YES;
				CLANG_WARN_ENUM_CONVERSION = YES;
				CLANG_WARN_INFINITE_RECURSION = YES;
				CLANG_WARN_INT_CONVERSION = YES;
				CLANG_WARN_NON_LITERAL_NULL_CONVERSION = YES;
				CLANG_WARN_OBJC_IMPLICIT_RETAIN_SELF = YES;
				CLANG_WARN_OBJC_LITERAL_CONVERSION = YES;
				CLANG_WARN_OBJC_ROOT_CLASS = YES_ERROR;
				CLANG_WARN_QUOTED_INCLUDE_IN_FRAMEWORK_HEADER = YES;
				CLANG_WARN_RANGE_LOOP_ANALYSIS = YES;
				CLANG_WARN_STRICT_PROTOTYPES = YES;
				CLANG_WARN_SUSPICIOUS_MOVE = YES;
				CLANG_WARN_UNGUARDED_AVAILABILITY = YES_AGGRESSIVE;
				CLANG_WARN_UNREACHABLE_CODE = YES;
				CLANG_WARN__DUPLICATE_METHOD_MATCH = YES;
				COPY_PHASE_STRIP = NO;
				DEBUG_INFORMATION_FORMAT = dwarf;
				DEVELOPMENT_TEAM = 677U99F8TX;
				ENABLE_STRICT_OBJC_MSGSEND = YES;
				ENABLE_TESTABILITY = YES;
				ENABLE_USER_SCRIPT_SANDBOXING = YES;
				GCC_C_LANGUAGE_STANDARD = gnu17;
				GCC_DYNAMIC_NO_PIC = NO;
				GCC_NO_COMMON_BLOCKS = YES;
				GCC_OPTIMIZATION_LEVEL = 0;
				GCC_PREPROCESSOR_DEFINITIONS = (
					"DEBUG=1",
					"$(inherited)",
				);
				GCC_WARN_64_TO_32_BIT_CONVERSION = YES;
				GCC_WARN_ABOUT_RETURN_TYPE = YES_ERROR;
				GCC_WARN_UNDECLARED_SELECTOR = YES;
				GCC_WARN_UNINITIALIZED_AUTOS = YES_AGGRESSIVE;
				GCC_WARN_UNUSED_FUNCTION = YES;
				GCC_WARN_UNUSED_VARIABLE = YES;
				IPHONEOS_DEPLOYMENT_TARGET = 18.0;
				LOCALIZATION_PREFERS_STRING_CATALOGS = YES;
				MTL_ENABLE_DEBUG_INFO = INCLUDE_SOURCE;
				MTL_FAST_MATH = YES;
				ONLY_ACTIVE_ARCH = YES;
				SDKROOT = iphoneos;
				SWIFT_ACTIVE_COMPILATION_CONDITIONS = "DEBUG $(inherited)";
				SWIFT_OPTIMIZATION_LEVEL = "-Onone";
			};
			name = Debug;
		};
		FE153F782FB9B264004FFC9E /* Release */ = {
			isa = XCBuildConfiguration;
			buildSettings = {
				ALWAYS_SEARCH_USER_PATHS = NO;
				ASSETCATALOG_COMPILER_GENERATE_SWIFT_ASSET_SYMBOL_EXTENSIONS = YES;
				CLANG_ANALYZER_NONNULL = YES;
				CLANG_ANALYZER_NUMBER_OBJECT_CONVERSION = YES_AGGRESSIVE;
				CLANG_CXX_LANGUAGE_STANDARD = "gnu++20";
				CLANG_ENABLE_MODULES = YES;
				CLANG_ENABLE_OBJC_ARC = YES;
				CLANG_ENABLE_OBJC_WEAK = YES;
				CLANG_WARN_BLOCK_CAPTURE_AUTORELEASING = YES;
				CLANG_WARN_BOOL_CONVERSION = YES;
				CLANG_WARN_COMMA = YES;
				CLANG_WARN_CONSTANT_CONVERSION = YES;
				CLANG_WARN_DEPRECATED_OBJC_IMPLEMENTATIONS = YES;
				CLANG_WARN_DIRECT_OBJC_ISA_USAGE = YES_ERROR;
				CLANG_WARN_DOCUMENTATION_COMMENTS = YES;
				CLANG_WARN_EMPTY_BODY = YES;
				CLANG_WARN_ENUM_CONVERSION = YES;
				CLANG_WARN_INFINITE_RECURSION = YES;
				CLANG_WARN_INT_CONVERSION = YES;
				CLANG_WARN_NON_LITERAL_NULL_CONVERSION = YES;
				CLANG_WARN_OBJC_IMPLICIT_RETAIN_SELF = YES;
				CLANG_WARN_OBJC_LITERAL_CONVERSION = YES;
				CLANG_WARN_OBJC_ROOT_CLASS = YES_ERROR;
				CLANG_WARN_QUOTED_INCLUDE_IN_FRAMEWORK_HEADER = YES;
				CLANG_WARN_RANGE_LOOP_ANALYSIS = YES;
				CLANG_WARN_STRICT_PROTOTYPES = YES;
				CLANG_WARN_SUSPICIOUS_MOVE = YES;
				CLANG_WARN_UNGUARDED_AVAILABILITY = YES_AGGRESSIVE;
				CLANG_WARN_UNREACHABLE_CODE = YES;
				CLANG_WARN__DUPLICATE_METHOD_MATCH = YES;
				COPY_PHASE_STRIP = NO;
				DEBUG_INFORMATION_FORMAT = "dwarf-with-dsym";
				DEVELOPMENT_TEAM = 677U99F8TX;
				ENABLE_NS_ASSERTIONS = NO;
				ENABLE_STRICT_OBJC_MSGSEND = YES;
				ENABLE_USER_SCRIPT_SANDBOXING = YES;
				GCC_C_LANGUAGE_STANDARD = gnu17;
				GCC_NO_COMMON_BLOCKS = YES;
				GCC_WARN_64_TO_32_BIT_CONVERSION = YES;
				GCC_WARN_ABOUT_RETURN_TYPE = YES_ERROR;
				GCC_WARN_UNDECLARED_SELECTOR = YES;
				GCC_WARN_UNINITIALIZED_AUTOS = YES_AGGRESSIVE;
				GCC_WARN_UNUSED_FUNCTION = YES;
				GCC_WARN_UNUSED_VARIABLE = YES;
				IPHONEOS_DEPLOYMENT_TARGET = 18.0;
				LOCALIZATION_PREFERS_STRING_CATALOGS = YES;
				MTL_ENABLE_DEBUG_INFO = NO;
				MTL_FAST_MATH = YES;
				SDKROOT = iphoneos;
				SWIFT_COMPILATION_MODE = wholemodule;
				VALIDATE_PRODUCT = YES;
			};
			name = Release;
		};
		FE153F7A2FB9B264004FFC9E /* Debug */ = {
			isa = XCBuildConfiguration;
			buildSettings = {
				BUNDLE_LOADER = "$(TEST_HOST)";
				CODE_SIGN_STYLE = Automatic;
				CURRENT_PROJECT_VERSION = 8;
				DEVELOPMENT_TEAM = 677U99F8TX;
				GENERATE_INFOPLIST_FILE = YES;
				IPHONEOS_DEPLOYMENT_TARGET = 18.0;
				MARKETING_VERSION = 1.0.9;
				PRODUCT_BUNDLE_IDENTIFIER = app.landlady.www.privacyTests;
				PRODUCT_NAME = "$(TARGET_NAME)";
				STRING_CATALOG_GENERATE_SYMBOLS = NO;
				SWIFT_APPROACHABLE_CONCURRENCY = YES;
				SWIFT_EMIT_LOC_STRINGS = NO;
				SWIFT_UPCOMING_FEATURE_MEMBER_IMPORT_VISIBILITY = YES;
				SWIFT_VERSION = 5.0;
				TARGETED_DEVICE_FAMILY = "1,2";
				TEST_HOST = "$(BUILT_PRODUCTS_DIR)/privacy.app/$(BUNDLE_EXECUTABLE_FOLDER_PATH)/privacy";
			};
			name = Debug;
		};
		FE153F7B2FB9B264004FFC9E /* Release */ = {
			isa = XCBuildConfiguration;
			buildSettings = {
				BUNDLE_LOADER = "$(TEST_HOST)";
				CODE_SIGN_STYLE = Automatic;
				CURRENT_PROJECT_VERSION = 8;
				DEVELOPMENT_TEAM = 677U99F8TX;
				GENERATE_INFOPLIST_FILE = YES;
				IPHONEOS_DEPLOYMENT_TARGET = 18.0;
				MARKETING_VERSION = 1.0.9;
				PRODUCT_BUNDLE_IDENTIFIER = app.landlady.www.privacyTests;
				PRODUCT_NAME = "$(TARGET_NAME)";
				STRING_CATALOG_GENERATE_SYMBOLS = NO;
				SWIFT_APPROACHABLE_CONCURRENCY = YES;
				SWIFT_EMIT_LOC_STRINGS = NO;
				SWIFT_UPCOMING_FEATURE_MEMBER_IMPORT_VISIBILITY = YES;
				SWIFT_VERSION = 5.0;
				TARGETED_DEVICE_FAMILY = "1,2";
				TEST_HOST = "$(BUILT_PRODUCTS_DIR)/privacy.app/$(BUNDLE_EXECUTABLE_FOLDER_PATH)/privacy";
			};
			name = Release;
		};
		FE153F7D2FB9B264004FFC9E /* Debug */ = {
			isa = XCBuildConfiguration;
			buildSettings = {
				CODE_SIGN_STYLE = Automatic;
				CURRENT_PROJECT_VERSION = 8;
				DEVELOPMENT_TEAM = 677U99F8TX;
				GENERATE_INFOPLIST_FILE = YES;
				MARKETING_VERSION = 1.0.9;
				PRODUCT_BUNDLE_IDENTIFIER = app.landlady.www.privacyUITests;
				PRODUCT_NAME = "$(TARGET_NAME)";
				STRING_CATALOG_GENERATE_SYMBOLS = NO;
				SWIFT_APPROACHABLE_CONCURRENCY = YES;
				SWIFT_EMIT_LOC_STRINGS = NO;
				SWIFT_UPCOMING_FEATURE_MEMBER_IMPORT_VISIBILITY = YES;
				SWIFT_VERSION = 5.0;
				TARGETED_DEVICE_FAMILY = "1,2";
				TEST_TARGET_NAME = privacy;
			};
			name = Debug;
		};
		FE153F7E2FB9B264004FFC9E /* Release */ = {
			isa = XCBuildConfiguration;
			buildSettings = {
				CODE_SIGN_STYLE = Automatic;
				CURRENT_PROJECT_VERSION = 8;
				DEVELOPMENT_TEAM = 677U99F8TX;
				GENERATE_INFOPLIST_FILE = YES;
				MARKETING_VERSION = 1.0.9;
				PRODUCT_BUNDLE_IDENTIFIER = app.landlady.www.privacyUITests;
				PRODUCT_NAME = "$(TARGET_NAME)";
				STRING_CATALOG_GENERATE_SYMBOLS = NO;
				SWIFT_APPROACHABLE_CONCURRENCY = YES;
				SWIFT_EMIT_LOC_STRINGS = NO;
				SWIFT_UPCOMING_FEATURE_MEMBER_IMPORT_VISIBILITY = YES;
				SWIFT_VERSION = 5.0;
				TARGETED_DEVICE_FAMILY = "1,2";
				TEST_TARGET_NAME = privacy;
			};
			name = Release;
		};
		FE8800082FC9000000A00001 /* Debug */ = {
			isa = XCBuildConfiguration;
			buildSettings = {
				APPLICATION_EXTENSION_API_ONLY = YES;
				CODE_SIGN_IDENTITY = "Apple Development";
				CODE_SIGN_STYLE = Automatic;
				CURRENT_PROJECT_VERSION = 8;
				DEVELOPMENT_TEAM = 677U99F8TX;
				GENERATE_INFOPLIST_FILE = NO;
				INFOPLIST_FILE = privacyLiveActivity/Info.plist;
				IPHONEOS_DEPLOYMENT_TARGET = 18.0;
				LD_RUNPATH_SEARCH_PATHS = (
					"$(inherited)",
					"@executable_path/Frameworks",
					"@executable_path/../../Frameworks",
				);
				MARKETING_VERSION = 1.0.9;
				PRODUCT_BUNDLE_IDENTIFIER = app.landlady.www.privacy.LiveActivity;
				PRODUCT_NAME = "$(TARGET_NAME)";
				SKIP_INSTALL = YES;
				STRING_CATALOG_GENERATE_SYMBOLS = NO;
				SWIFT_APPROACHABLE_CONCURRENCY = YES;
				SWIFT_DEFAULT_ACTOR_ISOLATION = MainActor;
				SWIFT_EMIT_LOC_STRINGS = NO;
				SWIFT_UPCOMING_FEATURE_MEMBER_IMPORT_VISIBILITY = YES;
				SWIFT_VERSION = 5.0;
				TARGETED_DEVICE_FAMILY = "1,2";
			};
			name = Debug;
		};
		FE8800092FC9000000A00001 /* Release */ = {
			isa = XCBuildConfiguration;
			buildSettings = {
				APPLICATION_EXTENSION_API_ONLY = YES;
				CODE_SIGN_STYLE = Automatic;
				CURRENT_PROJECT_VERSION = 8;
				DEVELOPMENT_TEAM = 677U99F8TX;
				GENERATE_INFOPLIST_FILE = NO;
				INFOPLIST_FILE = privacyLiveActivity/Info.plist;
				IPHONEOS_DEPLOYMENT_TARGET = 18.0;
				LD_RUNPATH_SEARCH_PATHS = (
					"$(inherited)",
					"@executable_path/Frameworks",
					"@executable_path/../../Frameworks",
				);
				MARKETING_VERSION = 1.0.9;
				PRODUCT_BUNDLE_IDENTIFIER = app.landlady.www.privacy.LiveActivity;
				PRODUCT_NAME = "$(TARGET_NAME)";
				SKIP_INSTALL = YES;
				STRING_CATALOG_GENERATE_SYMBOLS = NO;
				SWIFT_APPROACHABLE_CONCURRENCY = YES;
				SWIFT_DEFAULT_ACTOR_ISOLATION = MainActor;
				SWIFT_EMIT_LOC_STRINGS = NO;
				SWIFT_UPCOMING_FEATURE_MEMBER_IMPORT_VISIBILITY = YES;
				SWIFT_VERSION = 5.0;
				TARGETED_DEVICE_FAMILY = "1,2";
			};
			name = Release;
		};
		FE9900212FC43A1100A00001 /* Debug */ = {
			isa = XCBuildConfiguration;
			buildSettings = {
				CODE_SIGN_ENTITLEMENTS = privacyShareExtension/privacyShareExtension.entitlements;
				CODE_SIGN_IDENTITY = "Apple Development";
				CODE_SIGN_STYLE = Automatic;
				CURRENT_PROJECT_VERSION = 8;
				DEVELOPMENT_TEAM = 677U99F8TX;
				GENERATE_INFOPLIST_FILE = NO;
				INFOPLIST_FILE = privacyShareExtension/Info.plist;
				IPHONEOS_DEPLOYMENT_TARGET = 18.0;
				LD_RUNPATH_SEARCH_PATHS = (
					"$(inherited)",
					"@executable_path/Frameworks",
					"@executable_path/../../Frameworks",
				);
				MARKETING_VERSION = 1.0.9;
				PRODUCT_BUNDLE_IDENTIFIER = app.landlady.www.privacy.ShareExtension;
				PRODUCT_NAME = "$(TARGET_NAME)";
				SKIP_INSTALL = YES;
				STRING_CATALOG_GENERATE_SYMBOLS = NO;
				SWIFT_APPROACHABLE_CONCURRENCY = YES;
				SWIFT_DEFAULT_ACTOR_ISOLATION = MainActor;
				SWIFT_EMIT_LOC_STRINGS = NO;
				SWIFT_UPCOMING_FEATURE_MEMBER_IMPORT_VISIBILITY = YES;
				SWIFT_VERSION = 5.0;
				TARGETED_DEVICE_FAMILY = "1,2";
			};
			name = Debug;
		};
		FE9900222FC43A1100A00001 /* Release */ = {
			isa = XCBuildConfiguration;
			buildSettings = {
				CODE_SIGN_ENTITLEMENTS = privacyShareExtension/privacyShareExtension.entitlements;
				CODE_SIGN_STYLE = Automatic;
				CURRENT_PROJECT_VERSION = 8;
				DEVELOPMENT_TEAM = 677U99F8TX;
				GENERATE_INFOPLIST_FILE = NO;
				INFOPLIST_FILE = privacyShareExtension/Info.plist;
				IPHONEOS_DEPLOYMENT_TARGET = 18.0;
				LD_RUNPATH_SEARCH_PATHS = (
					"$(inherited)",
					"@executable_path/Frameworks",
					"@executable_path/../../Frameworks",
				);
				MARKETING_VERSION = 1.0.9;
				PRODUCT_BUNDLE_IDENTIFIER = app.landlady.www.privacy.ShareExtension;
				PRODUCT_NAME = "$(TARGET_NAME)";
				SKIP_INSTALL = YES;
				STRING_CATALOG_GENERATE_SYMBOLS = NO;
				SWIFT_APPROACHABLE_CONCURRENCY = YES;
				SWIFT_DEFAULT_ACTOR_ISOLATION = MainActor;
				SWIFT_EMIT_LOC_STRINGS = NO;
				SWIFT_UPCOMING_FEATURE_MEMBER_IMPORT_VISIBILITY = YES;
				SWIFT_VERSION = 5.0;
				TARGETED_DEVICE_FAMILY = "1,2";
			};
			name = Release;
		};
/* End XCBuildConfiguration section */

/* Begin XCConfigurationList section */
		FE153F4B2FB9B262004FFC9E /* Build configuration list for PBXProject "privacy" */ = {
			isa = XCConfigurationList;
			buildConfigurations = (
				FE153F772FB9B264004FFC9E /* Debug */,
				FE153F782FB9B264004FFC9E /* Release */,
			);
			defaultConfigurationIsVisible = 0;
			defaultConfigurationName = Release;
		};
		FE153F742FB9B264004FFC9E /* Build configuration list for PBXNativeTarget "privacy" */ = {
			isa = XCConfigurationList;
			buildConfigurations = (
				FE153F752FB9B264004FFC9E /* Debug */,
				FE153F762FB9B264004FFC9E /* Release */,
			);
			defaultConfigurationIsVisible = 0;
			defaultConfigurationName = Release;
		};
		FE153F792FB9B264004FFC9E /* Build configuration list for PBXNativeTarget "privacyTests" */ = {
			isa = XCConfigurationList;
			buildConfigurations = (
				FE153F7A2FB9B264004FFC9E /* Debug */,
				FE153F7B2FB9B264004FFC9E /* Release */,
			);
			defaultConfigurationIsVisible = 0;
			defaultConfigurationName = Release;
		};
		FE153F7C2FB9B264004FFC9E /* Build configuration list for PBXNativeTarget "privacyUITests" */ = {
			isa = XCConfigurationList;
			buildConfigurations = (
				FE153F7D2FB9B264004FFC9E /* Debug */,
				FE153F7E2FB9B264004FFC9E /* Release */,
			);
			defaultConfigurationIsVisible = 0;
			defaultConfigurationName = Release;
		};
		FE88000A2FC9000000A00001 /* Build configuration list for PBXNativeTarget "privacyLiveActivity" */ = {
			isa = XCConfigurationList;
			buildConfigurations = (
				FE8800082FC9000000A00001 /* Debug */,
				FE8800092FC9000000A00001 /* Release */,
			);
			defaultConfigurationIsVisible = 0;
			defaultConfigurationName = Release;
		};
		FE9900202FC43A1100A00001 /* Build configuration list for PBXNativeTarget "privacyShareExtension" */ = {
			isa = XCConfigurationList;
			buildConfigurations = (
				FE9900212FC43A1100A00001 /* Debug */,
				FE9900222FC43A1100A00001 /* Release */,
			);
			defaultConfigurationIsVisible = 0;
			defaultConfigurationName = Release;
		};
/* End XCConfigurationList section */

/* Begin XCRemoteSwiftPackageReference section */
		FEA100022FC6A00000A00001 /* XCRemoteSwiftPackageReference "purchases-ios-spm" */ = {
			isa = XCRemoteSwiftPackageReference;
			repositoryURL = "https://github.com/RevenueCat/purchases-ios-spm.git";
			requirement = {
				kind = upToNextMajorVersion;
				minimumVersion = 5.0.0;
			};
		};
		FEB400022FD0000000B00001 /* XCRemoteSwiftPackageReference "swift-markdown-ui" */ = {
			isa = XCRemoteSwiftPackageReference;
			repositoryURL = "https://github.com/gonzalezreal/swift-markdown-ui.git";
			requirement = {
				kind = upToNextMajorVersion;
				minimumVersion = 2.4.1;
			};
		};
/* End XCRemoteSwiftPackageReference section */

/* Begin XCSwiftPackageProductDependency section */
		FEA100032FC6A00000A00001 /* RevenueCat */ = {
			isa = XCSwiftPackageProductDependency;
			package = FEA100022FC6A00000A00001 /* XCRemoteSwiftPackageReference "purchases-ios-spm" */;
			productName = RevenueCat;
		};
		FEB400032FD0000000B00001 /* MarkdownUI */ = {
			isa = XCSwiftPackageProductDependency;
			package = FEB400022FD0000000B00001 /* XCRemoteSwiftPackageReference "swift-markdown-ui" */;
			productName = MarkdownUI;
		};
/* End XCSwiftPackageProductDependency section */
	};
	rootObject = FE153F482FB9B262004FFC9E /* Project object */;
}
